
Microsoft Visual Studio Solution File, Format Version 12.00
# Visual Studio 14
VisualStudioVersion = 14.0.23107.0
MinimumVisualStudioVersion = 10.0.40219.1
Project("{FAE04EC0-301F-11D3-BF4B-00C04F79EFBC}") = "CusTrack.WebApp", "CusTrack.WebApp\CusTrack.WebApp.csproj", "{CF13DC93-5981-4121-9215-12D193B450AE}"
EndProject
Project("{FAE04EC0-301F-11D3-BF4B-00C04F79EFBC}") = "CusTrack.BusinessLayerr", "CusTrack.BusinessLayerr\CusTrack.BusinessLayerr.csproj", "{EE9EB914-4D27-4D34-9BCD-6E69DF6F258C}"
EndProject
Project("{FAE04EC0-301F-11D3-BF4B-00C04F79EFBC}") = "CusTrack.Core", "CusTrack.Core\CusTrack.Core.csproj", "{499668F4-6728-499E-BF8C-42309B74D0B9}"
EndProject
Project("{FAE04EC0-301F-11D3-BF4B-00C04F79EFBC}") = "CusTrack.DataAccessLayer", "CusTrack.DataAccessLayer\CusTrack.DataAccessLayer.csproj", "{57EE8A78-159B-4DBF-AF2A-1704A12C27FC}"
EndProject
Project("{FAE04EC0-301F-11D3-BF4B-00C04F79EFBC}") = "CusTrack.Entities", "CusTrack.Entities\CusTrack.Entities.csproj", "{7E6F8A78-85AA-4A8C-964A-869073685742}"
EndProject
Global
	GlobalSection(SolutionConfigurationPlatforms) = preSolution
		Debug|Any CPU = Debug|Any CPU
		Release|Any CPU = Release|Any CPU
	EndGlobalSection
	GlobalSection(ProjectConfigurationPlatforms) = postSolution
		{CF13DC93-5981-4121-9215-12D193B450AE}.Debug|Any CPU.ActiveCfg = Debug|Any CPU
		{CF13DC93-5981-4121-9215-12D193B450AE}.Debug|Any CPU.Build.0 = Debug|Any CPU
		{CF13DC93-5981-4121-9215-12D193B450AE}.Release|Any CPU.ActiveCfg = Release|Any CPU
		{CF13DC93-5981-4121-9215-12D193B450AE}.Release|Any CPU.Build.0 = Release|Any CPU
		{EE9EB914-4D27-4D34-9BCD-6E69DF6F258C}.Debug|Any CPU.ActiveCfg = Debug|Any CPU
		{EE9EB914-4D27-4D34-9BCD-6E69DF6F258C}.Debug|Any CPU.Build.0 = Debug|Any CPU
		{EE9EB914-4D27-4D34-9BCD-6E69DF6F258C}.Release|Any CPU.ActiveCfg = Release|Any CPU
		{EE9EB914-4D27-4D34-9BCD-6E69DF6F258C}.Release|Any CPU.Build.0 = Release|Any CPU
		{499668F4-6728-499E-BF8C-42309B74D0B9}.Debug|Any CPU.ActiveCfg = Debug|Any CPU
		{499668F4-6728-499E-BF8C-42309B74D0B9}.Debug|Any CPU.Build.0 = Debug|Any CPU
		{499668F4-6728-499E-BF8C-42309B74D0B9}.Release|Any CPU.ActiveCfg = Release|Any CPU
		{499668F4-6728-499E-BF8C-42309B74D0B9}.Release|Any CPU.Build.0 = Release|Any CPU
		{57EE8A78-159B-4DBF-AF2A-1704A12C27FC}.Debug|Any CPU.ActiveCfg = Debug|Any CPU
		{57EE8A78-159B-4DBF-AF2A-1704A12C27FC}.Debug|Any CPU.Build.0 = Debug|Any CPU
		{57EE8A78-159B-4DBF-AF2A-1704A12C27FC}.Release|Any CPU.ActiveCfg = Release|Any CPU
		{57EE8A78-159B-4DBF-AF2A-1704A12C27FC}.Release|Any CPU.Build.0 = Release|Any CPU
		{7E6F8A78-85AA-4A8C-964A-869073685742}.Debug|Any CPU.ActiveCfg = Debug|Any CPU
		{7E6F8A78-85AA-4A8C-964A-869073685742}.Debug|Any CPU.Build.0 = Debug|Any CPU
		{7E6F8A78-85AA-4A8C-964A-869073685742}.Release|Any CPU.ActiveCfg = Release|Any CPU
		{7E6F8A78-85AA-4A8C-964A-869073685742}.Release|Any CPU.Build.0 = Release|Any CPU
	EndGlobalSection
	GlobalSection(SolutionProperties) = preSolution
		HideSolutionNode = FALSE
	EndGlobalSection
EndGlobal
